
Microsoft Visual Studio Solution File, Format Version 12.00
# Visual Studio 14
VisualStudioVersion = 14.0.25420.1
MinimumVisualStudioVersion = 10.0.40219.1
Project("{FAE04EC0-301F-11D3-BF4B-00C04F79EFBC}") = "LAB456", "LAB456\LAB456.csproj", "{30960A4F-5F12-4E4D-AF53-C59B4E4447A0}"
EndProject
Global
	GlobalSection(SolutionConfigurationPlatforms) = preSolution
		Debug|Any CPU = Debug|Any CPU
		Release|Any CPU = Release|Any CPU
	EndGlobalSection
	GlobalSection(ProjectConfigurationPlatforms) = postSolution
		{30960A4F-5F12-4E4D-AF53-C59B4E4447A0}.Debug|Any CPU.ActiveCfg = Debug|Any CPU
		{30960A4F-5F12-4E4D-AF53-C59B4E4447A0}.Debug|Any CPU.Build.0 = Debug|Any CPU
		{30960A4F-5F12-4E4D-AF53-C59B4E4447A0}.Release|Any CPU.ActiveCfg = Release|Any CPU
		{30960A4F-5F12-4E4D-AF53-C59B4E4447A0}.Release|Any CPU.Build.0 = Release|Any CPU
	EndGlobalSection
	GlobalSection(SolutionProperties) = preSolution
		HideSolutionNode = FALSE
	EndGlobalSection
EndGlobal
